{
  "requires": true,
  "lockfileVersion": 1,
  "dependencies": {
    "bootstrap-star-rating": {
      "version": "4.0.6",
      "resolved": "https://registry.npmjs.org/bootstrap-star-rating/-/bootstrap-star-rating-4.0.6.tgz",
      "integrity": "sha512-i/m2HuIWEQWoqxrlXohvnsiM2Vv77eaaS26/EjmMD4sUb79W+yDKbzEjtiVbGLNdGFaaRyVfdxZONELzqWca0g=="
    },
    "flask": {
      "version": "0.2.10",
      "resolved": "https://registry.npmjs.org/flask/-/flask-0.2.10.tgz",
      "integrity": "sha1-9fWkLP1YownjfGfAo5YXqBnl4bc="
    },
    "jquery": {
      "version": "3.4.1",
      "resolved": "https://registry.npmjs.org/jquery/-/jquery-3.4.1.tgz",
      "integrity": "sha512-36+AdBzCL+y6qjw5Tx7HgzeGCzC81MDDgaUP8ld2zhx58HdqXGoBd+tHdrBMiyjGQs0Hxs/MLZTu/eHNJJuWPw=="
    },
    "jquery-bar-rating": {
      "version": "1.2.2",
      "resolved": "https://registry.npmjs.org/jquery-bar-rating/-/jquery-bar-rating-1.2.2.tgz",
      "integrity": "sha1-lZTWYs/53rD+ezclEbskkqQ285I=",
      "requires": {
        "jquery": ">=1.7.2"
      }
    },
    "rateyo": {
      "version": "2.3.5",
      "resolved": "https://registry.npmjs.org/rateyo/-/rateyo-2.3.5.tgz",
      "integrity": "sha512-X0ewsUTzZiJwxJkca4RhRn6q53OkpuHoRdF9VFPluhP84N8NM2JnD/uBUT4QOtCj/5dNa0A+bEkJA7n/gWsYag=="
    }
  }
}
